
Microsoft Visual Studio Solution File, Format Version 12.00
# Visual Studio Version 16
VisualStudioVersion = 16.0.30907.101
MinimumVisualStudioVersion = 10.0.40219.1
Project("{9A19103F-16F7-4668-BE54-9A1E7A4F7556}") = "DCBOT", "DCBOT.csproj", "{0747694B-DF4C-4022-8A11-7AED087B19FB}"
EndProject
Global
	GlobalSection(SolutionConfigurationPlatforms) = preSolution
		Debug|Any CPU = Debug|Any CPU
		PrivateDistribution|Any CPU = PrivateDistribution|Any CPU
		Release|Any CPU = Release|Any CPU
	EndGlobalSection
	GlobalSection(ProjectConfigurationPlatforms) = postSolution
		{0747694B-DF4C-4022-8A11-7AED087B19FB}.Debug|Any CPU.ActiveCfg = Debug|Any CPU
		{0747694B-DF4C-4022-8A11-7AED087B19FB}.Debug|Any CPU.Build.0 = Debug|Any CPU
		{0747694B-DF4C-4022-8A11-7AED087B19FB}.PrivateDistribution|Any CPU.ActiveCfg = PrivateDistribution|Any CPU
		{0747694B-DF4C-4022-8A11-7AED087B19FB}.PrivateDistribution|Any CPU.Build.0 = PrivateDistribution|Any CPU
		{0747694B-DF4C-4022-8A11-7AED087B19FB}.Release|Any CPU.ActiveCfg = Release|Any CPU
		{0747694B-DF4C-4022-8A11-7AED087B19FB}.Release|Any CPU.Build.0 = Release|Any CPU
	EndGlobalSection
	GlobalSection(SolutionProperties) = preSolution
		HideSolutionNode = FALSE
	EndGlobalSection
	GlobalSection(ExtensibilityGlobals) = postSolution
		SolutionGuid = {91D92271-FA8B-4B63-97C3-C83C4E157BB1}
	EndGlobalSection
EndGlobal
